
Microsoft Visual Studio Solution File, Format Version 12.00
# Visual Studio Version 16
VisualStudioVersion = 16.0.30225.117
MinimumVisualStudioVersion = 10.0.40219.1
Project("{FAE04EC0-301F-11D3-BF4B-00C04F79EFBC}") = "YOLOv3MLNet", "YOLOv3MLNet\YOLOv3MLNet.csproj", "{829141C8-581A-4491-84F0-9D500DB921C3}"
EndProject
Global
	GlobalSection(SolutionConfigurationPlatforms) = preSolution
		Debug|Any CPU = Debug|Any CPU
		Release|Any CPU = Release|Any CPU
	EndGlobalSection
	GlobalSection(ProjectConfigurationPlatforms) = postSolution
		{829141C8-581A-4491-84F0-9D500DB921C3}.Debug|Any CPU.ActiveCfg = Debug|Any CPU
		{829141C8-581A-4491-84F0-9D500DB921C3}.Debug|Any CPU.Build.0 = Debug|Any CPU
		{829141C8-581A-4491-84F0-9D500DB921C3}.Release|Any CPU.ActiveCfg = Release|Any CPU
		{829141C8-581A-4491-84F0-9D500DB921C3}.Release|Any CPU.Build.0 = Release|Any CPU
	EndGlobalSection
	GlobalSection(SolutionProperties) = preSolution
		HideSolutionNode = FALSE
	EndGlobalSection
	GlobalSection(ExtensibilityGlobals) = postSolution
		SolutionGuid = {2F4D0364-1245-4F7A-905C-88CEEF697ED0}
	EndGlobalSection
EndGlobal
